PODS:
  - foundationextensions (0.1.0):
    - foundationextensions/Core (= 0.1.0)
  - foundationextensions/Core (0.1.0)

DEPENDENCIES:
  - foundationextensions (from `../`)

EXTERNAL SOURCES:
  foundationextensions:
    :path: "../"

SPEC CHECKSUMS:
  foundationextensions: 2276f11cf3f03e028d6582bcdd5eab65b363715a

PODFILE CHECKSUM: 8dfde7b8eb26ebbff3581400dec7301c068ff2b6

COCOAPODS: 1.5.3
